{
  "R": {
    "Version": "3.5.0",
    "Repositories": [
      {
        "Name": "CRAN",
        "URL": "https://cran.rstudio.com"
      }
    ]
  },
  "Packages": {
    "BH": {
      "Package": "BH",
      "Version": "1.66.0-1",
      "Source": "Repository",
      "Repository": "CRAN",
      "Hash": "f4d1087b63689f22d87f4873a7c5e2b8"
    },
    "DBI": {
      "Package": "DBI",
      "Version": "1.0.0",
      "Source": "Repository",
      "Repository": "CRAN",
      "Hash": "7bc8be0e425da29fe0e10f792bdbb74b"
    },
    "DEoptimR": {
      "Package": "DEoptimR",
      "Version": "1.0-8",
      "Source": "CRAN",
      "Repository": "CRAN",
      "RemoteType": "cran",
      "RemoteSha": "1.0-8",
      "RemoteRepos": "c(CRAN = \"https://cran.rstudio.com/\")",
      "RemotePkgType": "source",
      "Hash": "45579a15d7f1a96a27a7496ce2366cd5"
    },
    "Formula": {
      "Package": "Formula",
      "Version": "1.2-3",
      "Source": "CRAN",
      "Repository": "CRAN",
      "RemoteType": "cran",
      "RemoteSha": "1.2-3",
      "RemoteRepos": "c(CRAN = \"https://cran.rstudio.com/\")",
      "RemotePkgType": "source",
      "Hash": "ab319f62b5437518cdec6c0a3ecc7e5f"
    },
    "Hmisc": {
      "Package": "Hmisc",
      "Version": "4.1-1",
      "Source": "CRAN",
      "Repository": "CRAN",
      "RemoteType": "cran",
      "RemoteSha": "4.1-1",
      "RemoteRepos": "c(CRAN = \"https://cran.rstudio.com/\")",
      "RemotePkgType": "source",
      "Hash": "74e13faa5e827bc56cda6857c8322c0c"
    },
    "KernSmooth": {
      "Package": "KernSmooth",
      "Version": "2.23-15",
      "Source": "Repository",
      "Repository": "CRAN",
      "Hash": "081f417f4d6d55b7e8981433e8404a22"
    },
    "MASS": {
      "Package": "MASS",
      "Version": "7.3-50",
      "Source": "Repository",
      "Repository": "CRAN",
      "Hash": "b24dc52a732ee76079252f793c210b37"
    },
    "Matrix": {
      "Package": "Matrix",
      "Version": "1.2-14",
      "Source": "Repository",
      "Repository": "CRAN",
      "Hash": "e84dcbc31943fe880bbb80fd59baca6d"
    },
    "R6": {
      "Package": "R6",
      "Version": "2.2.2",
      "Source": "Repository",
      "Repository": "CRAN",
      "Hash": "ba6491520ddb5d82f2d146afce117539"
    },
    "RColorBrewer": {
      "Package": "RColorBrewer",
      "Version": "1.1-2",
      "Source": "Repository",
      "Repository": "CRAN",
      "Hash": "e031418365a7f7a766181ab5a41a5716"
    },
    "Rcpp": {
      "Package": "Rcpp",
      "Version": "1.0.1",
      "Source": "Repository",
      "Repository": "CRAN",
      "Hash": "d5ae8445d4972caed1c5517ffae908d7"
    },
    "RcppArmadillo": {
      "Package": "RcppArmadillo",
      "Version": "0.9.100.5.0",
      "Source": "Repository",
      "Repository": "CRAN",
      "Hash": "3c2a0d76fbc083d901a225799f4a42dd"
    },
    "acepack": {
      "Package": "acepack",
      "Version": "1.4.1",
      "Source": "CRAN",
      "Repository": "CRAN",
      "RemoteType": "cran",
      "RemoteSha": "1.4.1",
      "RemoteRepos": "c(CRAN = \"https://cran.rstudio.com/\")",
      "RemotePkgType": "source",
      "Hash": "646bd31e8772aaee4b55a36d7f0d0550"
    },
    "assertthat": {
      "Package": "assertthat",
      "Version": "0.2.0",
      "Source": "Repository",
      "Repository": "CRAN",
      "Hash": "7b2aa2be4bd0497000a5a399f07da3f1"
    },
    "backports": {
      "Package": "backports",
      "Version": "1.1.2",
      "Source": "Repository",
      "Repository": "CRAN",
      "Hash": "93ed3362cd87726b2c9bdc69a97b130c"
    },
    "base64enc": {
      "Package": "base64enc",
      "Version": "0.1-3",
      "Source": "Repository",
      "Repository": "CRAN",
      "Hash": "543776ae6848fde2f48ff3816d0628bc"
    },
    "bindr": {
      "Package": "bindr",
      "Version": "0.1.1",
      "Source": "Repository",
      "Repository": "CRAN",
      "Hash": "12981fbe55fe3df82fd6d249fcf8bb06"
    },
    "bindrcpp": {
      "Package": "bindrcpp",
      "Version": "0.2.2",
      "Source": "Repository",
      "Repository": "CRAN",
      "Hash": "c1835e06daacf34f97ba8e9ff0ef1804"
    },
    "boot": {
      "Package": "boot",
      "Version": "1.3-20",
      "Source": "Repository",
      "Repository": "CRAN",
      "Hash": "560a6eb3b4658e2ce3d0f8feb087fe56"
    },
    "broom": {
      "Package": "broom",
      "Version": "0.5.2",
      "Source": "Repository",
      "Repository": "CRAN",
      "Hash": "065e275fddb15dc398c02dccba7c2922"
    },
    "callr": {
      "Package": "callr",
      "Version": "3.4.3",
      "Source": "Repository",
      "Repository": "CRAN",
      "Hash": "643163a00cb536454c624883a10ae0bc"
    },
    "ccaPP": {
      "Package": "ccaPP",
      "Version": "0.3.2",
      "Source": "CRAN",
      "Repository": "CRAN",
      "RemoteType": "cran",
      "RemoteSha": "0.3.2",
      "RemoteRepos": "c(CRAN = \"https://cran.rstudio.com/\")",
      "RemotePkgType": "source",
      "Hash": "0bb9abe966f21dcbf97853ba99fefcee"
    },
    "cellranger": {
      "Package": "cellranger",
      "Version": "1.1.0",
      "Source": "Repository",
      "Repository": "CRAN",
      "Hash": "f61dbaec772ccd2e17705c1e872e9e7c"
    },
    "checkmate": {
      "Package": "checkmate",
      "Version": "1.8.5",
      "Source": "CRAN",
      "Repository": "CRAN",
      "RemoteType": "cran",
      "RemoteSha": "1.8.5",
      "RemoteRepos": "c(CRAN = \"https://cran.rstudio.com/\")",
      "RemotePkgType": "source",
      "Hash": "cb8ffb0d62f7052cd57e5eb60664a928"
    },
    "class": {
      "Package": "class",
      "Version": "7.3-14",
      "Source": "Repository",
      "Repository": "CRAN",
      "Hash": "c39d47020cdf42e88bd80c83ca6a0a0b"
    },
    "cli": {
      "Package": "cli",
      "Version": "1.1.0",
      "Source": "Repository",
      "Repository": "CRAN",
      "Hash": "44036d89d2bbffdbf1a9698cc86d0976"
    },
    "clipr": {
      "Package": "clipr",
      "Version": "0.4.1",
      "Source": "Repository",
      "Repository": "CRAN",
      "Hash": "c9ff1950b1340f91490cd632e0e30eff"
    },
    "cluster": {
      "Package": "cluster",
      "Version": "2.0.7-1",
      "Source": "Repository",
      "Repository": "CRAN",
      "Hash": "790a06d226d7a0996ba578358e6032ce"
    },
    "codetools": {
      "Package": "codetools",
      "Version": "0.2-15",
      "Source": "Repository",
      "Repository": "CRAN",
      "Hash": "9f88e0b246d1b22d1a88b9aa4ea57ebd"
    },
    "colorspace": {
      "Package": "colorspace",
      "Version": "1.3-2",
      "Source": "Repository",
      "Repository": "CRAN",
      "Hash": "538e05e27bc9ad472173fb983c32b08d"
    },
    "cowplot": {
      "Package": "cowplot",
      "Version": "1.0.0",
      "Source": "Repository",
      "Repository": "CRAN",
      "Hash": "82bae0172ae9d4c4f88a440ad01f73bb"
    },
    "crayon": {
      "Package": "crayon",
      "Version": "1.3.4",
      "Source": "Repository",
      "Repository": "CRAN",
      "Hash": "0d57bc8e27b7ba9e45dba825ebc0de6b"
    },
    "curl": {
      "Package": "curl",
      "Version": "3.2",
      "Source": "Repository",
      "Repository": "CRAN",
      "Hash": "238e44ea6a3d5532b0b6f9973f4967fb"
    },
    "data.table": {
      "Package": "data.table",
      "Version": "1.11.4",
      "Source": "CRAN",
      "Repository": "CRAN",
      "RemoteType": "cran",
      "RemoteSha": "1.11.4",
      "RemoteRepos": "c(CRAN = \"https://cran.rstudio.com/\")",
      "RemotePkgType": "source",
      "Hash": "86c2069da4cfc7296dfc41fa891d582d"
    },
    "dbplyr": {
      "Package": "dbplyr",
      "Version": "1.4.2",
      "Source": "Repository",
      "Repository": "CRAN",
      "Hash": "022c8630abecb00f22740d021ab89595"
    },
    "desc": {
      "Package": "desc",
      "Version": "1.2.0",
      "Source": "Repository",
      "Repository": "CRAN",
      "Hash": "6c8fe8fa26a23b79949375d372c7b395"
    },
    "devtools": {
      "Package": "devtools",
      "Version": "1.13.6",
      "Source": "Repository",
      "Repository": "CRAN",
      "Hash": "10c2aa7d60d9e19928e4f7715d4af1aa"
    },
    "digest": {
      "Package": "digest",
      "Version": "0.6.16",
      "Source": "Repository",
      "Repository": "CRAN",
      "Hash": "44f7769b267713b95c0b6a447d486fb2"
    },
    "dplyr": {
      "Package": "dplyr",
      "Version": "0.8.3",
      "Source": "Repository",
      "Repository": "CRAN",
      "Hash": "c426258a806b7e69613432b197b9954d"
    },
    "ellipsis": {
      "Package": "ellipsis",
      "Version": "0.2.0.1",
      "Source": "Repository",
      "Repository": "CRAN",
      "Hash": "9e51c34725ddb3d04968a5bf37363200"
    },
    "entropy": {
      "Package": "entropy",
      "Version": "1.2.1",
      "Source": "Repository",
      "Repository": "CRAN",
      "Hash": "d24c26075b0cabde12c419424edc6242"
    },
    "evaluate": {
      "Package": "evaluate",
      "Version": "0.11",
      "Source": "Repository",
      "Repository": "CRAN",
      "Hash": "6a4b4bbbac7d93eabd5f0f5e06920feb"
    },
    "fansi": {
      "Package": "fansi",
      "Version": "0.4.0",
      "Source": "Repository",
      "Repository": "CRAN",
      "Hash": "b31d9e5d051553d1177083aeba04b5b9"
    },
    "farver": {
      "Package": "farver",
      "Version": "2.0.3",
      "Source": "Repository",
      "Repository": "CRAN",
      "Hash": "dad6793a5a1f73c8e91f1a1e3e834b05"
    },
    "forcats": {
      "Package": "forcats",
      "Version": "0.4.0",
      "Source": "Repository",
      "Repository": "CRAN",
      "Hash": "c6a8cdc67d337ac3df901b0ea73b8cec"
    },
    "foreign": {
      "Package": "foreign",
      "Version": "0.8-70",
      "Source": "Repository",
      "Repository": "CRAN",
      "Hash": "3d11f0b67c9c71cd3fde607063f70635"
    },
    "fs": {
      "Package": "fs",
      "Version": "1.3.1",
      "Source": "Repository",
      "Repository": "CRAN",
      "Hash": "0e26be4558dbbc713d7cfe4a4c361f38"
    },
    "gdtools": {
      "Package": "gdtools",
      "Version": "0.1.7",
      "Source": "Repository",
      "Repository": "CRAN",
      "Hash": "a7abe42f6a720eec4609387bb3471a4d"
    },
    "generics": {
      "Package": "generics",
      "Version": "0.0.2",
      "Source": "Repository",
      "Repository": "CRAN",
      "Hash": "b8cff1d1391fd1ad8b65877f4c7f2e53"
    },
    "ggCustomTJ": {
      "Package": "ggCustomTJ",
      "Version": "0.1.2",
      "Source": "GitHub",
      "RemoteType": "github",
      "RemoteHost": "api.github.com",
      "RemoteUsername": "julou",
      "RemoteRepo": "ggCustomTJ",
      "RemoteRef": "master",
      "RemoteSha": "e9f3c0b5ce8269b6eb6453f8655a67acc8b5b3ec",
      "Hash": "a7012a4f4ff77b7b38cfd32d1f93a17c"
    },
    "ggplot2": {
      "Package": "ggplot2",
      "Version": "3.2.0",
      "Source": "Repository",
      "Repository": "CRAN",
      "Hash": "40661df3e50a0112dd8410be1d5a95e4"
    },
    "ggrepel": {
      "Package": "ggrepel",
      "Version": "0.8.1",
      "Source": "Repository",
      "Repository": "CRAN",
      "Hash": "d2d969d2ca127dbb2da60b5a20ee7234"
    },
    "git2r": {
      "Package": "git2r",
      "Version": "0.27.1",
      "Source": "Repository",
      "Repository": "CRAN",
      "Hash": "531a82d1beed1f545beb25f4f5945bf7"
    },
    "globals": {
      "Package": "globals",
      "Version": "0.12.4",
      "Source": "Repository",
      "Repository": "CRAN",
      "Hash": "fe1f1e4fba5cced2bd6a9468c9003478"
    },
    "glue": {
      "Package": "glue",
      "Version": "1.3.0",
      "Source": "Repository",
      "Repository": "CRAN",
      "Hash": "23b09270cd7730418e15a3e44150a293"
    },
    "gridExtra": {
      "Package": "gridExtra",
      "Version": "2.3",
      "Source": "CRAN",
      "Repository": "CRAN",
      "RemoteType": "cran",
      "RemoteSha": "2.3",
      "RemoteRepos": "c(CRAN = \"https://cran.rstudio.com/\")",
      "RemotePkgType": "source",
      "Hash": "ad8b1b6d0b5a44f90b7f6e78844d2dfc"
    },
    "gtable": {
      "Package": "gtable",
      "Version": "0.2.0",
      "Source": "Repository",
      "Repository": "CRAN",
      "Hash": "8816a66528f6507ccb362429ca6e095a"
    },
    "haven": {
      "Package": "haven",
      "Version": "2.1.1",
      "Source": "Repository",
      "Repository": "CRAN",
      "Hash": "9b3889246a6ce2d1a600fcf8016a9b6e"
    },
    "here": {
      "Package": "here",
      "Version": "0.1",
      "Source": "Repository",
      "Repository": "CRAN",
      "Hash": "2c0406b8e0a4c3516ab37be62da74e3c"
    },
    "highr": {
      "Package": "highr",
      "Version": "0.7",
      "Source": "Repository",
      "Repository": "CRAN",
      "Hash": "84f2260779f595849141086fc94b52f0"
    },
    "hms": {
      "Package": "hms",
      "Version": "0.5.0",
      "Source": "Repository",
      "Repository": "CRAN",
      "Hash": "1d66073807340ad075b2940ea91c0e5e"
    },
    "htmlTable": {
      "Package": "htmlTable",
      "Version": "1.12",
      "Source": "CRAN",
      "Repository": "CRAN",
      "RemoteType": "cran",
      "RemoteSha": "1.12",
      "RemoteRepos": "c(CRAN = \"https://cran.rstudio.com/\")",
      "RemotePkgType": "source",
      "Hash": "33c3c3e74419725afe00d9064d8c7415"
    },
    "htmltools": {
      "Package": "htmltools",
      "Version": "0.3.6",
      "Source": "Repository",
      "Repository": "CRAN",
      "Hash": "74aa264d2e3b6214529cd33a5850a07f"
    },
    "htmlwidgets": {
      "Package": "htmlwidgets",
      "Version": "1.2",
      "Source": "CRAN",
      "Repository": "CRAN",
      "RemoteType": "cran",
      "RemoteSha": "1.2",
      "RemoteRepos": "c(CRAN = \"https://cran.rstudio.com/\")",
      "RemotePkgType": "source",
      "Hash": "8e362e3324f7261ddf4162e42c265ba0"
    },
    "httr": {
      "Package": "httr",
      "Version": "1.4.0",
      "Source": "Repository",
      "Repository": "CRAN",
      "Hash": "194b9f75755db776bc5a34ee8b95fe7e"
    },
    "isoband": {
      "Package": "isoband",
      "Version": "0.2.1",
      "Source": "Repository",
      "Repository": "CRAN",
      "Hash": "9b2f7cf1899f583a36d367702ecf49a3"
    },
    "jsonlite": {
      "Package": "jsonlite",
      "Version": "1.6",
      "Source": "Repository",
      "Repository": "CRAN",
      "Hash": "bc5739654d032acf531356e32e0d0f54"
    },
    "kableExtra": {
      "Package": "kableExtra",
      "Version": "1.1.0",
      "Source": "Repository",
      "Repository": "CRAN",
      "Hash": "37e11c605b3c0b7207763beda52c8535"
    },
    "knitr": {
      "Package": "knitr",
      "Version": "1.20",
      "Source": "Repository",
      "Repository": "CRAN",
      "Hash": "87d506a244be82cc083c00d3076ea6f2"
    },
    "labeling": {
      "Package": "labeling",
      "Version": "0.3",
      "Source": "Repository",
      "Repository": "CRAN",
      "Hash": "73832978c1de350df58108c745ed0e3e"
    },
    "lattice": {
      "Package": "lattice",
      "Version": "0.20-35",
      "Source": "Repository",
      "Repository": "CRAN",
      "Hash": "10a22a9a66fbe7944e9ef98985d7c927"
    },
    "latticeExtra": {
      "Package": "latticeExtra",
      "Version": "0.6-28",
      "Source": "CRAN",
      "Repository": "CRAN",
      "RemoteType": "cran",
      "RemoteSha": "0.6-28",
      "RemoteRepos": "c(CRAN = \"https://cran.rstudio.com/\")",
      "RemotePkgType": "source",
      "Hash": "a2ca1205c5bd81e56314a55fff10c5ac"
    },
    "lazyeval": {
      "Package": "lazyeval",
      "Version": "0.2.1",
      "Source": "Repository",
      "Repository": "CRAN",
      "Hash": "ea5964121f493fb3057e9887d424f634"
    },
    "lifecycle": {
      "Package": "lifecycle",
      "Version": "0.2.0",
      "Source": "Repository",
      "Repository": "CRAN",
      "Hash": "361811f31f71f8a617a9a68bf63f1f42"
    },
    "listenv": {
      "Package": "listenv",
      "Version": "0.7.0",
      "Source": "Repository",
      "Repository": "CRAN",
      "Hash": "d090f9dee44802a78190e12c1ca38048"
    },
    "lubridate": {
      "Package": "lubridate",
      "Version": "1.7.4",
      "Source": "Repository",
      "Repository": "CRAN",
      "Hash": "796afeea047cda6bdb308d374a33eeb6"
    },
    "magick": {
      "Package": "magick",
      "Version": "2.0",
      "Source": "Repository",
      "Repository": "CRAN",
      "Hash": "22fb245a53df228f8857242b6351130b"
    },
    "magrittr": {
      "Package": "magrittr",
      "Version": "1.5",
      "Source": "Repository",
      "Repository": "CRAN",
      "Hash": "1bb58822a20301cee84a41678e25d9b7"
    },
    "markdown": {
      "Package": "markdown",
      "Version": "0.8",
      "Source": "Repository",
      "Repository": "CRAN",
      "Hash": "a7009fcffb7074751bc70e76e26ee72d"
    },
    "memoise": {
      "Package": "memoise",
      "Version": "1.1.0",
      "Source": "Repository",
      "Repository": "CRAN",
      "Hash": "58baa74e4603fcfb9a94401c58c8f9b1"
    },
    "mgcv": {
      "Package": "mgcv",
      "Version": "1.8-23",
      "Source": "Repository",
      "Repository": "CRAN",
      "Hash": "b1a3bba86e45ddea6b66e67623f587ee"
    },
    "microbenchmark": {
      "Package": "microbenchmark",
      "Version": "1.4-6",
      "Source": "Repository",
      "Repository": "CRAN",
      "Hash": "dc9e9cca23da19cb034517a0e7aacb99"
    },
    "mime": {
      "Package": "mime",
      "Version": "0.5",
      "Source": "Repository",
      "Repository": "CRAN",
      "Hash": "18943f719a3367e8b1f59b8931a69165"
    },
    "modelr": {
      "Package": "modelr",
      "Version": "0.1.4",
      "Source": "Repository",
      "Repository": "CRAN",
      "Hash": "d8629ae09a03bbc6dcbd737ca1f5b28a"
    },
    "multidplyr": {
      "Package": "multidplyr",
      "Version": "0.0.0.9000",
      "Source": "GitHub",
      "RemoteType": "github",
      "RemoteHost": "https://api.github.com",
      "RemoteRepo": "multidplyr",
      "RemoteUsername": "hadley",
      "RemoteRef": "master",
      "RemoteSha": "0085ded4048d7fbe5079616c40640dbf5982faf2",
      "Hash": "28c2426078d7a1aeb52a177a893a099c"
    },
    "munsell": {
      "Package": "munsell",
      "Version": "0.5.0",
      "Source": "Repository",
      "Repository": "CRAN",
      "Hash": "6dfe8bf774944bd5595785e3229d8771"
    },
    "mvtnorm": {
      "Package": "mvtnorm",
      "Version": "1.0-8",
      "Source": "CRAN",
      "Repository": "CRAN",
      "RemoteType": "cran",
      "RemoteSha": "1.0-8",
      "RemoteRepos": "c(CRAN = \"https://cran.rstudio.com/\")",
      "RemotePkgType": "source",
      "Hash": "d3524a5f37652487da6a6edffc83513e"
    },
    "nlme": {
      "Package": "nlme",
      "Version": "3.1-137",
      "Source": "Repository",
      "Repository": "CRAN",
      "Hash": "4320ab595f7bbff5458bc6a044a57fc0"
    },
    "nnet": {
      "Package": "nnet",
      "Version": "7.3-12",
      "Source": "Repository",
      "Repository": "CRAN",
      "Hash": "68287aec1f476c41d16ce1ace445800c"
    },
    "openssl": {
      "Package": "openssl",
      "Version": "1.0.2",
      "Source": "Repository",
      "Repository": "CRAN",
      "Hash": "87c9ef8a85d589493c97f0082b4cc605"
    },
    "pcaPP": {
      "Package": "pcaPP",
      "Version": "1.9-73",
      "Source": "CRAN",
      "Repository": "CRAN",
      "RemoteType": "cran",
      "RemoteSha": "1.9-73",
      "RemoteRepos": "c(CRAN = \"https://cran.rstudio.com/\")",
      "RemotePkgType": "source",
      "Hash": "a4d58c51865e1e3808318787e62fcc38"
    },
    "pdftools": {
      "Package": "pdftools",
      "Version": "1.8",
      "Source": "Repository",
      "Repository": "CRAN",
      "Hash": "db82887e21664a101f48141cc0becdc3"
    },
    "pillar": {
      "Package": "pillar",
      "Version": "1.4.2",
      "Source": "Repository",
      "Repository": "CRAN",
      "Hash": "9f20924c27aee3d09296c22fb84bc9de"
    },
    "pkgbuild": {
      "Package": "pkgbuild",
      "Version": "1.0.8",
      "Source": "Repository",
      "Repository": "CRAN",
      "Hash": "8d8b5e29223aabb829246397299f0592"
    },
    "pkgconfig": {
      "Package": "pkgconfig",
      "Version": "2.0.2",
      "Source": "Repository",
      "Repository": "CRAN",
      "Hash": "f5940986fb19bcef52284068baeb3f29"
    },
    "pkgload": {
      "Package": "pkgload",
      "Version": "1.0.2",
      "Source": "Repository",
      "Repository": "CRAN",
      "Hash": "5e655fb54cceead0f095f22d7be33da3"
    },
    "plogr": {
      "Package": "plogr",
      "Version": "0.2.0",
      "Source": "Repository",
      "Repository": "CRAN",
      "Hash": "09eb987710984fc2905c7129c7d85e65"
    },
    "plyr": {
      "Package": "plyr",
      "Version": "1.8.4",
      "Source": "Repository",
      "Repository": "CRAN",
      "Hash": "23026346e3e0f023f326919320627a01"
    },
    "praise": {
      "Package": "praise",
      "Version": "1.0.0",
      "Source": "Repository",
      "Repository": "CRAN",
      "Hash": "a555924add98c99d2f411e37e7d25e9f"
    },
    "prettyunits": {
      "Package": "prettyunits",
      "Version": "1.0.2",
      "Source": "Repository",
      "Repository": "CRAN",
      "Hash": "f3c960f0105f2ed179460864979fc37c"
    },
    "processx": {
      "Package": "processx",
      "Version": "3.4.2",
      "Source": "Repository",
      "Repository": "CRAN",
      "Hash": "20a082f2bde0ffcd8755779fd476a274"
    },
    "progress": {
      "Package": "progress",
      "Version": "1.2.2",
      "Source": "Repository",
      "Repository": "CRAN",
      "Hash": "14dc9f7a3c91ebb14ec5bb9208a07061"
    },
    "ps": {
      "Package": "ps",
      "Version": "1.3.2",
      "Source": "Repository",
      "Repository": "CRAN",
      "Hash": "98777535b61c57d1749344345e2a4ccd"
    },
    "purrr": {
      "Package": "purrr",
      "Version": "0.3.2",
      "Source": "Repository",
      "Repository": "CRAN",
      "Hash": "adeb65b9e6bf7b2e1f9ca8252c2530ed"
    },
    "readr": {
      "Package": "readr",
      "Version": "1.3.1",
      "Source": "Repository",
      "Repository": "CRAN",
      "Hash": "af8ab99cd936773a148963905736907b"
    },
    "readxl": {
      "Package": "readxl",
      "Version": "1.3.1",
      "Source": "Repository",
      "Repository": "CRAN",
      "Hash": "63537c483c2dbec8d9e3183b3735254a"
    },
    "rematch": {
      "Package": "rematch",
      "Version": "1.0.1",
      "Source": "Repository",
      "Repository": "CRAN",
      "Hash": "c66b930d20bb6d858cd18e1cebcfae5c"
    },
    "remotes": {
      "Package": "remotes",
      "Version": "2.1.1",
      "Source": "Repository",
      "Repository": "CRAN",
      "Hash": "57c3009534f805f0f6476ffee68483cc"
    },
    "renv": {
      "Package": "renv",
      "Version": "0.10.0",
      "Source": "Repository",
      "Repository": "CRAN",
      "Hash": "0d3f1c2b63e70b3d918246b4e2ca59b7"
    },
    "reprex": {
      "Package": "reprex",
      "Version": "0.3.0",
      "Source": "Repository",
      "Repository": "CRAN",
      "Hash": "b06bfb3504cc8a4579fd5567646f745b"
    },
    "reshape2": {
      "Package": "reshape2",
      "Version": "1.4.3",
      "Source": "Repository",
      "Repository": "CRAN",
      "Hash": "15a23ad30f51789188e439599559815c"
    },
    "rlang": {
      "Package": "rlang",
      "Version": "0.4.6",
      "Source": "Repository",
      "Repository": "CRAN",
      "Hash": "aa263e3ce17b177c49e0daade2ee3cdc"
    },
    "rmarkdown": {
      "Package": "rmarkdown",
      "Version": "1.10",
      "Source": "Repository",
      "Repository": "CRAN",
      "Hash": "280c7971e4898433649bfce33062d06d"
    },
    "robustbase": {
      "Package": "robustbase",
      "Version": "0.93-2",
      "Source": "CRAN",
      "Repository": "CRAN",
      "RemoteType": "cran",
      "RemoteSha": "0.93-2",
      "RemoteRepos": "c(CRAN = \"https://cran.rstudio.com/\")",
      "RemotePkgType": "source",
      "Hash": "0c188e26010f9ccfa856a533e2d24057"
    },
    "rpart": {
      "Package": "rpart",
      "Version": "4.1-13",
      "Source": "Repository",
      "Repository": "CRAN",
      "Hash": "6315535da80d5cc6c2e573966d8c8210"
    },
    "rprojroot": {
      "Package": "rprojroot",
      "Version": "1.3-2",
      "Source": "Repository",
      "Repository": "CRAN",
      "Hash": "f6a407ae5dd21f6f80a6708bbb6eb3ae"
    },
    "rstudioapi": {
      "Package": "rstudioapi",
      "Version": "0.10",
      "Source": "Repository",
      "Repository": "CRAN",
      "Hash": "da31c988698b91fdf6a3e2317679d6cb"
    },
    "rvest": {
      "Package": "rvest",
      "Version": "0.3.4",
      "Source": "Repository",
      "Repository": "CRAN",
      "Hash": "006001c4a515d0983357b5580494f474"
    },
    "scales": {
      "Package": "scales",
      "Version": "1.0.0",
      "Source": "Repository",
      "Repository": "CRAN",
      "Hash": "2e46c8ab2c109085d5b3a775ea2df19c"
    },
    "selectr": {
      "Package": "selectr",
      "Version": "0.4-1",
      "Source": "Repository",
      "Repository": "CRAN",
      "Hash": "5ed4ef04d145af4c2bf651d94ba3d7fe"
    },
    "stringi": {
      "Package": "stringi",
      "Version": "1.2.4",
      "Source": "Repository",
      "Repository": "CRAN",
      "Hash": "bca4c3464ae356a8649d907944da78b4"
    },
    "stringr": {
      "Package": "stringr",
      "Version": "1.4.0",
      "Source": "Repository",
      "Repository": "CRAN",
      "Hash": "0759e6b6c0957edb1311028a49a35e76"
    },
    "survival": {
      "Package": "survival",
      "Version": "2.42-3",
      "Source": "Repository",
      "Repository": "CRAN",
      "Hash": "74987c2913457a7faa55d82f695238e3"
    },
    "svglite": {
      "Package": "svglite",
      "Version": "1.2.1",
      "Source": "Repository",
      "Repository": "CRAN",
      "Hash": "cb5037bfdbf6375f6b2dbe562d40151b"
    },
    "testthat": {
      "Package": "testthat",
      "Version": "2.3.2",
      "Source": "Repository",
      "Repository": "CRAN",
      "Hash": "0829b987b8961fb07f3b1b64a2fbc495"
    },
    "tibble": {
      "Package": "tibble",
      "Version": "2.1.3",
      "Source": "Repository",
      "Repository": "CRAN",
      "Hash": "8248ee35d1e15d1e506f05f5a5d46a75"
    },
    "tictoc": {
      "Package": "tictoc",
      "Version": "1.0",
      "Source": "Repository",
      "Repository": "CRAN",
      "Hash": "f8cc5adf4671b013434bbe127f35b28c"
    },
    "tidyr": {
      "Package": "tidyr",
      "Version": "1.0.2",
      "Source": "Repository",
      "Repository": "CRAN",
      "Hash": "fb73a010ace00d6c584c2b53a21b969c"
    },
    "tidyselect": {
      "Package": "tidyselect",
      "Version": "0.2.5",
      "Source": "Repository",
      "Repository": "CRAN",
      "Hash": "971842fead8ee9e150495a0ede343a98"
    },
    "tidyverse": {
      "Package": "tidyverse",
      "Version": "1.2.1",
      "Source": "Repository",
      "Repository": "CRAN",
      "Hash": "5a2a345ab91ac7f22bb13fa78bc3a1be"
    },
    "tinytex": {
      "Package": "tinytex",
      "Version": "0.8",
      "Source": "Repository",
      "Repository": "CRAN",
      "Hash": "0555d4c99430b7539e728b15836ae720"
    },
    "utf8": {
      "Package": "utf8",
      "Version": "1.1.4",
      "Source": "Repository",
      "Repository": "CRAN",
      "Hash": "4a5081acfb7b81a572e4384a7aaf2af1"
    },
    "vctrs": {
      "Package": "vctrs",
      "Version": "0.2.0",
      "Source": "Repository",
      "Repository": "CRAN",
      "Hash": "c40cfd786b30c20ea9f1247f06a7ee56"
    },
    "viridis": {
      "Package": "viridis",
      "Version": "0.5.1",
      "Source": "CRAN",
      "Repository": "CRAN",
      "RemoteType": "cran",
      "RemoteSha": "0.5.1",
      "RemoteRepos": "c(CRAN = \"https://cran.rstudio.com/\")",
      "RemotePkgType": "source",
      "Hash": "12a97c0602da9e0269f81dca8c39e157"
    },
    "viridisLite": {
      "Package": "viridisLite",
      "Version": "0.3.0",
      "Source": "Repository",
      "Repository": "CRAN",
      "Hash": "ce4f6271baa94776db692f1cb2055bee"
    },
    "vngMoM": {
      "Package": "vngMoM",
      "Version": "0.1.3",
      "Source": "GitHub",
      "RemoteType": "github",
      "RemoteHost": "api.github.com",
      "RemoteUsername": "vanNimwegenLab",
      "RemoteRepo": "vngMoM",
      "RemoteRef": "master",
      "RemoteSha": "6ea0ca2fc1fb7e783862c40d92ab38fe703d4207",
      "Hash": "b371a365dd1e032f793b78e95c24bb8e"
    },
    "webshot": {
      "Package": "webshot",
      "Version": "0.5.1",
      "Source": "Repository",
      "Repository": "CRAN",
      "Hash": "e827a595bebabdfed25eec4eb1929ef0"
    },
    "whisker": {
      "Package": "whisker",
      "Version": "0.3-2",
      "Source": "Repository",
      "Repository": "CRAN",
      "Hash": "c944abf3f12a97b8369a6f6ba8186d23"
    },
    "withr": {
      "Package": "withr",
      "Version": "2.1.2",
      "Source": "Repository",
      "Repository": "CRAN",
      "Hash": "aa57ed55ff2df4bea697a07df528993d"
    },
    "xfun": {
      "Package": "xfun",
      "Version": "0.3",
      "Source": "Repository",
      "Repository": "CRAN",
      "Hash": "a094fb9ad71d3931affad70e87872630"
    },
    "xml2": {
      "Package": "xml2",
      "Version": "1.2.0",
      "Source": "Repository",
      "Repository": "CRAN",
      "Hash": "300860f90d5798249a0a8ad9271d4c18"
    },
    "yaml": {
      "Package": "yaml",
      "Version": "2.2.0",
      "Source": "Repository",
      "Repository": "CRAN",
      "Hash": "c78bdf1d16bd4ec7ecc86c6986d53309"
    },
    "zeallot": {
      "Package": "zeallot",
      "Version": "0.1.0",
      "Source": "Repository",
      "Repository": "CRAN",
      "Hash": "ee9b643aa8331c45d8d82eb3a137c9bc"
    }
  }
}
